
Microsoft Visual Studio Solution File, Format Version 12.00
# Visual Studio 15
VisualStudioVersion = 15.0.28307.271
MinimumVisualStudioVersion = 10.0.40219.1
Project("{9A19103F-16F7-4668-BE54-9A1E7A4F7556}") = "MicrophoneTest", "MicrophoneTest\MicrophoneTest.csproj", "{B2354364-5C01-4652-AA17-3EAEA9E12154}"
EndProject
Project("{FAE04EC0-301F-11D3-BF4B-00C04F79EFBC}") = "SpeechRecog", "SpeechRecog\SpeechRecog.csproj", "{8BF2E057-3EC4-4779-AA0A-87B82E338009}"
EndProject
Project("{FAE04EC0-301F-11D3-BF4B-00C04F79EFBC}") = "System.Speech", "System.Speech\System.Speech.csproj", "{8578977B-AAA2-49CC-8562-3E561BEA2040}"
EndProject
Global
	GlobalSection(SolutionConfigurationPlatforms) = preSolution
		Debug|Any CPU = Debug|Any CPU
		Release|Any CPU = Release|Any CPU
	EndGlobalSection
	GlobalSection(ProjectConfigurationPlatforms) = postSolution
		{B2354364-5C01-4652-AA17-3EAEA9E12154}.Debug|Any CPU.ActiveCfg = Debug|Any CPU
		{B2354364-5C01-4652-AA17-3EAEA9E12154}.Debug|Any CPU.Build.0 = Debug|Any CPU
		{B2354364-5C01-4652-AA17-3EAEA9E12154}.Release|Any CPU.ActiveCfg = Release|Any CPU
		{B2354364-5C01-4652-AA17-3EAEA9E12154}.Release|Any CPU.Build.0 = Release|Any CPU
		{8BF2E057-3EC4-4779-AA0A-87B82E338009}.Debug|Any CPU.ActiveCfg = Debug|Any CPU
		{8BF2E057-3EC4-4779-AA0A-87B82E338009}.Debug|Any CPU.Build.0 = Debug|Any CPU
		{8BF2E057-3EC4-4779-AA0A-87B82E338009}.Release|Any CPU.ActiveCfg = Release|Any CPU
		{8BF2E057-3EC4-4779-AA0A-87B82E338009}.Release|Any CPU.Build.0 = Release|Any CPU
		{8578977B-AAA2-49CC-8562-3E561BEA2040}.Debug|Any CPU.ActiveCfg = Debug|Any CPU
		{8578977B-AAA2-49CC-8562-3E561BEA2040}.Debug|Any CPU.Build.0 = Debug|Any CPU
		{8578977B-AAA2-49CC-8562-3E561BEA2040}.Release|Any CPU.ActiveCfg = Release|Any CPU
		{8578977B-AAA2-49CC-8562-3E561BEA2040}.Release|Any CPU.Build.0 = Release|Any CPU
	EndGlobalSection
	GlobalSection(SolutionProperties) = preSolution
		HideSolutionNode = FALSE
	EndGlobalSection
	GlobalSection(ExtensibilityGlobals) = postSolution
		SolutionGuid = {2D9FDAF3-26FA-414D-8E9D-6E5DAA684C7E}
	EndGlobalSection
EndGlobal
